
Microsoft Visual Studio Solution File, Format Version 12.00
# Visual Studio 15
VisualStudioVersion = 15.0.26124.0
MinimumVisualStudioVersion = 15.0.26124.0
Project("{FAE04EC0-301F-11D3-BF4B-00C04F79EFBC}") = "LongestCommonPrefixConsoleApp", "LongestCommonPrefixConsoleApp\LongestCommonPrefixConsoleApp.csproj", "{FFAE298C-327A-4AA9-955A-812CC5AADDBD}"
EndProject
Project("{FAE04EC0-301F-11D3-BF4B-00C04F79EFBC}") = "LongestCommonPrefixTests", "LongestCommonPrefixTests\LongestCommonPrefixTests.csproj", "{4442FC9F-2411-4635-9B1A-8792D5F37841}"
EndProject
Global
	GlobalSection(SolutionConfigurationPlatforms) = preSolution
		Debug|Any CPU = Debug|Any CPU
		Debug|x64 = Debug|x64
		Debug|x86 = Debug|x86
		Release|Any CPU = Release|Any CPU
		Release|x64 = Release|x64
		Release|x86 = Release|x86
	EndGlobalSection
	GlobalSection(SolutionProperties) = preSolution
		HideSolutionNode = FALSE
	EndGlobalSection
	GlobalSection(ProjectConfigurationPlatforms) = postSolution
		{FFAE298C-327A-4AA9-955A-812CC5AADDBD}.Debug|Any CPU.ActiveCfg = Debug|Any CPU
		{FFAE298C-327A-4AA9-955A-812CC5AADDBD}.Debug|Any CPU.Build.0 = Debug|Any CPU
		{FFAE298C-327A-4AA9-955A-812CC5AADDBD}.Debug|x64.ActiveCfg = Debug|Any CPU
		{FFAE298C-327A-4AA9-955A-812CC5AADDBD}.Debug|x64.Build.0 = Debug|Any CPU
		{FFAE298C-327A-4AA9-955A-812CC5AADDBD}.Debug|x86.ActiveCfg = Debug|Any CPU
		{FFAE298C-327A-4AA9-955A-812CC5AADDBD}.Debug|x86.Build.0 = Debug|Any CPU
		{FFAE298C-327A-4AA9-955A-812CC5AADDBD}.Release|Any CPU.ActiveCfg = Release|Any CPU
		{FFAE298C-327A-4AA9-955A-812CC5AADDBD}.Release|Any CPU.Build.0 = Release|Any CPU
		{FFAE298C-327A-4AA9-955A-812CC5AADDBD}.Release|x64.ActiveCfg = Release|Any CPU
		{FFAE298C-327A-4AA9-955A-812CC5AADDBD}.Release|x64.Build.0 = Release|Any CPU
		{FFAE298C-327A-4AA9-955A-812CC5AADDBD}.Release|x86.ActiveCfg = Release|Any CPU
		{FFAE298C-327A-4AA9-955A-812CC5AADDBD}.Release|x86.Build.0 = Release|Any CPU
		{4442FC9F-2411-4635-9B1A-8792D5F37841}.Debug|Any CPU.ActiveCfg = Debug|Any CPU
		{4442FC9F-2411-4635-9B1A-8792D5F37841}.Debug|Any CPU.Build.0 = Debug|Any CPU
		{4442FC9F-2411-4635-9B1A-8792D5F37841}.Debug|x64.ActiveCfg = Debug|Any CPU
		{4442FC9F-2411-4635-9B1A-8792D5F37841}.Debug|x64.Build.0 = Debug|Any CPU
		{4442FC9F-2411-4635-9B1A-8792D5F37841}.Debug|x86.ActiveCfg = Debug|Any CPU
		{4442FC9F-2411-4635-9B1A-8792D5F37841}.Debug|x86.Build.0 = Debug|Any CPU
		{4442FC9F-2411-4635-9B1A-8792D5F37841}.Release|Any CPU.ActiveCfg = Release|Any CPU
		{4442FC9F-2411-4635-9B1A-8792D5F37841}.Release|Any CPU.Build.0 = Release|Any CPU
		{4442FC9F-2411-4635-9B1A-8792D5F37841}.Release|x64.ActiveCfg = Release|Any CPU
		{4442FC9F-2411-4635-9B1A-8792D5F37841}.Release|x64.Build.0 = Release|Any CPU
		{4442FC9F-2411-4635-9B1A-8792D5F37841}.Release|x86.ActiveCfg = Release|Any CPU
		{4442FC9F-2411-4635-9B1A-8792D5F37841}.Release|x86.Build.0 = Release|Any CPU
	EndGlobalSection
EndGlobal
